
Microsoft Visual Studio Solution File, Format Version 12.00
# Visual Studio Version 17
VisualStudioVersion = 17.13.35818.85 d17.13
MinimumVisualStudioVersion = 10.0.40219.1
Project("{FAE04EC0-301F-11D3-BF4B-00C04F79EFBC}") = "ECommerceApi", "ECommerceApi\ECommerceApi.csproj", "{19C753C6-6DE9-4A6B-A54E-95EAFDB8CB72}"
EndProject
Global
	GlobalSection(SolutionConfigurationPlatforms) = preSolution
		Debug|Any CPU = Debug|Any CPU
		Release|Any CPU = Release|Any CPU
	EndGlobalSection
	GlobalSection(ProjectConfigurationPlatforms) = postSolution
		{19C753C6-6DE9-4A6B-A54E-95EAFDB8CB72}.Debug|Any CPU.ActiveCfg = Debug|Any CPU
		{19C753C6-6DE9-4A6B-A54E-95EAFDB8CB72}.Debug|Any CPU.Build.0 = Debug|Any CPU
		{19C753C6-6DE9-4A6B-A54E-95EAFDB8CB72}.Release|Any CPU.ActiveCfg = Release|Any CPU
		{19C753C6-6DE9-4A6B-A54E-95EAFDB8CB72}.Release|Any CPU.Build.0 = Release|Any CPU
	EndGlobalSection
	GlobalSection(SolutionProperties) = preSolution
		HideSolutionNode = FALSE
	EndGlobalSection
	GlobalSection(ExtensibilityGlobals) = postSolution
		SolutionGuid = {50FE766D-76C4-449E-94CA-DA0722C15B61}
	EndGlobalSection
EndGlobal
